
Microsoft Visual Studio Solution File, Format Version 12.00
# Visual Studio Version 16
VisualStudioVersion = 16.0.29728.190
MinimumVisualStudioVersion = 10.0.40219.1
Project("{FAE04EC0-301F-11D3-BF4B-00C04F79EFBC}") = "Fight Simulation", "Fight Simulation\Fight Simulation.csproj", "{71156738-FE70-4C87-8478-FE5B77FA81EA}"
EndProject
Global
	GlobalSection(SolutionConfigurationPlatforms) = preSolution
		Debug|Any CPU = Debug|Any CPU
		Release|Any CPU = Release|Any CPU
	EndGlobalSection
	GlobalSection(ProjectConfigurationPlatforms) = postSolution
		{71156738-FE70-4C87-8478-FE5B77FA81EA}.Debug|Any CPU.ActiveCfg = Debug|Any CPU
		{71156738-FE70-4C87-8478-FE5B77FA81EA}.Debug|Any CPU.Build.0 = Debug|Any CPU
		{71156738-FE70-4C87-8478-FE5B77FA81EA}.Release|Any CPU.ActiveCfg = Release|Any CPU
		{71156738-FE70-4C87-8478-FE5B77FA81EA}.Release|Any CPU.Build.0 = Release|Any CPU
	EndGlobalSection
	GlobalSection(SolutionProperties) = preSolution
		HideSolutionNode = FALSE
	EndGlobalSection
	GlobalSection(ExtensibilityGlobals) = postSolution
		SolutionGuid = {4662023A-F45A-4396-8690-9845659B953C}
	EndGlobalSection
EndGlobal
